// !$*UTF8*$!
{
	archiveVersion = 1;
	classes = {
	};
	objectVersion = 46;
	objects = {

/* Begin PBXBuildFile section */
		511689BE1DEF7CB500829A6B /* StackExchangeTests.swift in Sources */ = {isa = PBXBuildFile; fileRef = 511689BD1DEF7CB500829A6B /* StackExchangeTests.swift */; };
		511689C91DEF7CB500829A6B /* StackExchangeUITests.swift in Sources */ = {isa = PBXBuildFile; fileRef = 511689C81DEF7CB500829A6B /* StackExchangeUITests.swift */; };
		511689E21DEF7D9200829A6B /* AppDelegate.swift in Sources */ = {isa = PBXBuildFile; fileRef = 511689D71DEF7D9200829A6B /* AppDelegate.swift */; };
		511689E31DEF7D9200829A6B /* StackExchange.xcdatamodeld in Sources */ = {isa = PBXBuildFile; fileRef = 511689D91DEF7D9200829A6B /* StackExchange.xcdatamodeld */; };
		511689E41DEF7D9200829A6B /* Assets.xcassets in Resources */ = {isa = PBXBuildFile; fileRef = 511689DC1DEF7D9200829A6B /* Assets.xcassets */; };
		511689E51DEF7D9200829A6B /* LaunchScreen.storyboard in Resources */ = {isa = PBXBuildFile; fileRef = 511689DD1DEF7D9200829A6B /* LaunchScreen.storyboard */; };
		511689E61DEF7D9200829A6B /* Main.storyboard in Resources */ = {isa = PBXBuildFile; fileRef = 511689DF1DEF7D9200829A6B /* Main.storyboard */; };
		511689E71DEF7D9200829A6B /* ViewController.swift in Sources */ = {isa = PBXBuildFile; fileRef = 511689E11DEF7D9200829A6B /* ViewController.swift */; };
		511689E91DEF7E2200829A6B /* DataController.swift in Sources */ = {isa = PBXBuildFile; fileRef = 511689E81DEF7E2200829A6B /* DataController.swift */; };
		511689EC1DEF7FB500829A6B /* questions.json in Resources */ = {isa = PBXBuildFile; fileRef = 511689EB1DEF7FB500829A6B /* questions.json */; };
		511689EE1DEF804900829A6B /* answers.json in Resources */ = {isa = PBXBuildFile; fileRef = 511689ED1DEF804900829A6B /* answers.json */; };
		511689EF1DEF805D00829A6B /* answers.json in Resources */ = {isa = PBXBuildFile; fileRef = 511689ED1DEF804900829A6B /* answers.json */; };
		511689F01DEF805F00829A6B /* questions.json in Resources */ = {isa = PBXBuildFile; fileRef = 511689EB1DEF7FB500829A6B /* questions.json */; };
		511689F21DEF884300829A6B /* SEDataTests.swift in Sources */ = {isa = PBXBuildFile; fileRef = 511689F11DEF884300829A6B /* SEDataTests.swift */; };
		511689F41DEF88AC00829A6B /* SEData.swift in Sources */ = {isa = PBXBuildFile; fileRef = 511689F31DEF88AC00829A6B /* SEData.swift */; };
		516E79261DEF964600CB2FC5 /* TestsHelper.swift in Sources */ = {isa = PBXBuildFile; fileRef = 516E79251DEF964600CB2FC5 /* TestsHelper.swift */; };
		516E79291DEF9B1C00CB2FC5 /* SEAnswer.swift in Sources */ = {isa = PBXBuildFile; fileRef = 516E79281DEF9B1C00CB2FC5 /* SEAnswer.swift */; };
		516E792B1DEFADD200CB2FC5 /* SEAnswerTests.swift in Sources */ = {isa = PBXBuildFile; fileRef = 516E792A1DEFADD200CB2FC5 /* SEAnswerTests.swift */; };
		516E792D1DEFB48600CB2FC5 /* SEOwner.swift in Sources */ = {isa = PBXBuildFile; fileRef = 516E792C1DEFB48600CB2FC5 /* SEOwner.swift */; };
		516E792F1DEFBDA800CB2FC5 /* SEQuestion.swift in Sources */ = {isa = PBXBuildFile; fileRef = 516E792E1DEFBDA800CB2FC5 /* SEQuestion.swift */; };
		516E79311DEFC11500CB2FC5 /* SEQuestionTests.swift in Sources */ = {isa = PBXBuildFile; fileRef = 516E79301DEFC11500CB2FC5 /* SEQuestionTests.swift */; };
		516E79331DEFCBDB00CB2FC5 /* ApiService.swift in Sources */ = {isa = PBXBuildFile; fileRef = 516E79321DEFCBDB00CB2FC5 /* ApiService.swift */; };
		516E79351DEFD54D00CB2FC5 /* Presenter.swift in Sources */ = {isa = PBXBuildFile; fileRef = 516E79341DEFD54D00CB2FC5 /* Presenter.swift */; };
		516E79371DEFDED500CB2FC5 /* QuestionTableViewCell.swift in Sources */ = {isa = PBXBuildFile; fileRef = 516E79361DEFDED500CB2FC5 /* QuestionTableViewCell.swift */; };
		516E79391DEFDEF100CB2FC5 /* QuestionsTableViewController.swift in Sources */ = {isa = PBXBuildFile; fileRef = 516E79381DEFDEF100CB2FC5 /* QuestionsTableViewController.swift */; };
		51B4ACF31DF00808000618DA /* AnswersTableViewController.swift in Sources */ = {isa = PBXBuildFile; fileRef = 51B4ACF21DF00808000618DA /* AnswersTableViewController.swift */; };
		51B4ACF51DF00841000618DA /* AnswerTableViewCell.swift in Sources */ = {isa = PBXBuildFile; fileRef = 51B4ACF41DF00841000618DA /* AnswerTableViewCell.swift */; };
		5D48E8B2AAEC2BBB705D27D7 /* Pods_StackExchange.framework in Frameworks */ = {isa = PBXBuildFile; fileRef = D04F38CF2FA0A42CCBC6446E /* Pods_StackExchange.framework */; };
		A28B8C94878F845EA83018B9 /* Pods_StackExchangeTests.framework in Frameworks */ = {isa = PBXBuildFile; fileRef = 142EB65777330BCE8DA86963 /* Pods_StackExchangeTests.framework */; };
		FB27CDB68E758E16F3A63107 /* Pods_StackExchangeUITests.framework in Frameworks */ = {isa = PBXBuildFile; fileRef = 71557FD92FA582FF13416811 /* Pods_StackExchangeUITests.framework */; };
/* End PBXBuildFile section */

/* Begin PBXContainerItemProxy section */
		511689BA1DEF7CB500829A6B /* PBXContainerItemProxy */ = {
			isa = PBXContainerItemProxy;
			containerPortal = 5116899A1DEF7CB500829A6B /* Project object */;
			proxyType = 1;
			remoteGlobalIDString = 511689A11DEF7CB500829A6B;
			remoteInfo = StackExchange;
		};
		511689C51DEF7CB500829A6B /* PBXContainerItemProxy */ = {
			isa = PBXContainerItemProxy;
			containerPortal = 5116899A1DEF7CB500829A6B /* Project object */;
			proxyType = 1;
			remoteGlobalIDString = 511689A11DEF7CB500829A6B;
			remoteInfo = StackExchange;
		};
/* End PBXContainerItemProxy section */

/* Begin PBXFileReference section */
		003D6658C87B5488A7E9981D /* Pods-StackExchangeUITests.debug.xcconfig */ = {isa = PBXFileReference; includeInIndex = 1; lastKnownFileType = text.xcconfig; name = "Pods-StackExchangeUITests.debug.xcconfig"; path = "Pods/Target Support Files/Pods-StackExchangeUITests/Pods-StackExchangeUITests.debug.xcconfig"; sourceTree = "<group>"; };
		142EB65777330BCE8DA86963 /* Pods_StackExchangeTests.framework */ = {isa = PBXFileReference; explicitFileType = wrapper.framework; includeInIndex = 0; path = Pods_StackExchangeTests.framework; sourceTree = BUILT_PRODUCTS_DIR; };
		28EDBFC5249EEB30D3E0C16C /* Pods-StackExchangeUITests.release.xcconfig */ = {isa = PBXFileReference; includeInIndex = 1; lastKnownFileType = text.xcconfig; name = "Pods-StackExchangeUITests.release.xcconfig"; path = "Pods/Target Support Files/Pods-StackExchangeUITests/Pods-StackExchangeUITests.release.xcconfig"; sourceTree = "<group>"; };
		511689A21DEF7CB500829A6B /* StackExchange.app */ = {isa = PBXFileReference; explicitFileType = wrapper.application; includeInIndex = 0; path = StackExchange.app; sourceTree = BUILT_PRODUCTS_DIR; };
		511689B41DEF7CB500829A6B /* Info.plist */ = {isa = PBXFileReference; lastKnownFileType = text.plist.xml; path = Info.plist; sourceTree = "<group>"; };
		511689B91DEF7CB500829A6B /* StackExchangeTests.xctest */ = {isa = PBXFileReference; explicitFileType = wrapper.cfbundle; includeInIndex = 0; path = StackExchangeTests.xctest; sourceTree = BUILT_PRODUCTS_DIR; };
		511689BD1DEF7CB500829A6B /* StackExchangeTests.swift */ = {isa = PBXFileReference; lastKnownFileType = sourcecode.swift; path = StackExchangeTests.swift; sourceTree = "<group>"; };
		511689BF1DEF7CB500829A6B /* Info.plist */ = {isa = PBXFileReference; lastKnownFileType = text.plist.xml; path = Info.plist; sourceTree = "<group>"; };
		511689C41DEF7CB500829A6B /* StackExchangeUITests.xctest */ = {isa = PBXFileReference; explicitFileType = wrapper.cfbundle; includeInIndex = 0; path = StackExchangeUITests.xctest; sourceTree = BUILT_PRODUCTS_DIR; };
		511689C81DEF7CB500829A6B /* StackExchangeUITests.swift */ = {isa = PBXFileReference; lastKnownFileType = sourcecode.swift; path = StackExchangeUITests.swift; sourceTree = "<group>"; };
		511689CA1DEF7CB500829A6B /* Info.plist */ = {isa = PBXFileReference; lastKnownFileType = text.plist.xml; path = Info.plist; sourceTree = "<group>"; };
		511689D71DEF7D9200829A6B /* AppDelegate.swift */ = {isa = PBXFileReference; fileEncoding = 4; lastKnownFileType = sourcecode.swift; path = AppDelegate.swift; sourceTree = "<group>"; };
		511689DA1DEF7D9200829A6B /* StackExchange.xcdatamodel */ = {isa = PBXFileReference; lastKnownFileType = wrapper.xcdatamodel; path = StackExchange.xcdatamodel; sourceTree = "<group>"; };
		511689DC1DEF7D9200829A6B /* Assets.xcassets */ = {isa = PBXFileReference; lastKnownFileType = folder.assetcatalog; path = Assets.xcassets; sourceTree = "<group>"; };
		511689DE1DEF7D9200829A6B /* Base */ = {isa = PBXFileReference; lastKnownFileType = file.storyboard; name = Base; path = Base.lproj/LaunchScreen.storyboard; sourceTree = "<group>"; };
		511689E01DEF7D9200829A6B /* Base */ = {isa = PBXFileReference; lastKnownFileType = file.storyboard; name = Base; path = Base.lproj/Main.storyboard; sourceTree = "<group>"; };
		511689E11DEF7D9200829A6B /* ViewController.swift */ = {isa = PBXFileReference; fileEncoding = 4; lastKnownFileType = sourcecode.swift; path = ViewController.swift; sourceTree = "<group>"; };
		511689E81DEF7E2200829A6B /* DataController.swift */ = {isa = PBXFileReference; fileEncoding = 4; lastKnownFileType = sourcecode.swift; path = DataController.swift; sourceTree = "<group>"; };
		511689EB1DEF7FB500829A6B /* questions.json */ = {isa = PBXFileReference; fileEncoding = 4; lastKnownFileType = text.json; path = questions.json; sourceTree = "<group>"; };
		511689ED1DEF804900829A6B /* answers.json */ = {isa = PBXFileReference; fileEncoding = 4; lastKnownFileType = text.json; path = answers.json; sourceTree = "<group>"; };
		511689F11DEF884300829A6B /* SEDataTests.swift */ = {isa = PBXFileReference; fileEncoding = 4; lastKnownFileType = sourcecode.swift; path = SEDataTests.swift; sourceTree = "<group>"; };
		511689F31DEF88AC00829A6B /* SEData.swift */ = {isa = PBXFileReference; fileEncoding = 4; lastKnownFileType = sourcecode.swift; path = SEData.swift; sourceTree = "<group>"; };
		516E79251DEF964600CB2FC5 /* TestsHelper.swift */ = {isa = PBXFileReference; fileEncoding = 4; lastKnownFileType = sourcecode.swift; path = TestsHelper.swift; sourceTree = "<group>"; };
		516E79281DEF9B1C00CB2FC5 /* SEAnswer.swift */ = {isa = PBXFileReference; fileEncoding = 4; lastKnownFileType = sourcecode.swift; path = SEAnswer.swift; sourceTree = "<group>"; };
		516E792A1DEFADD200CB2FC5 /* SEAnswerTests.swift */ = {isa = PBXFileReference; fileEncoding = 4; lastKnownFileType = sourcecode.swift; path = SEAnswerTests.swift; sourceTree = "<group>"; };
		516E792C1DEFB48600CB2FC5 /* SEOwner.swift */ = {isa = PBXFileReference; fileEncoding = 4; lastKnownFileType = sourcecode.swift; path = SEOwner.swift; sourceTree = "<group>"; };
		516E792E1DEFBDA800CB2FC5 /* SEQuestion.swift */ = {isa = PBXFileReference; fileEncoding = 4; lastKnownFileType = sourcecode.swift; path = SEQuestion.swift; sourceTree = "<group>"; };
		516E79301DEFC11500CB2FC5 /* SEQuestionTests.swift */ = {isa = PBXFileReference; fileEncoding = 4; lastKnownFileType = sourcecode.swift; path = SEQuestionTests.swift; sourceTree = "<group>"; };
		516E79321DEFCBDB00CB2FC5 /* ApiService.swift */ = {isa = PBXFileReference; fileEncoding = 4; lastKnownFileType = sourcecode.swift; path = ApiService.swift; sourceTree = "<group>"; };
		516E79341DEFD54D00CB2FC5 /* Presenter.swift */ = {isa = PBXFileReference; fileEncoding = 4; lastKnownFileType = sourcecode.swift; path = Presenter.swift; sourceTree = "<group>"; };
		516E79361DEFDED500CB2FC5 /* QuestionTableViewCell.swift */ = {isa = PBXFileReference; fileEncoding = 4; lastKnownFileType = sourcecode.swift; path = QuestionTableViewCell.swift; sourceTree = "<group>"; };
		516E79381DEFDEF100CB2FC5 /* QuestionsTableViewController.swift */ = {isa = PBXFileReference; fileEncoding = 4; lastKnownFileType = sourcecode.swift; path = QuestionsTableViewController.swift; sourceTree = "<group>"; };
		51B4ACF21DF00808000618DA /* AnswersTableViewController.swift */ = {isa = PBXFileReference; fileEncoding = 4; lastKnownFileType = sourcecode.swift; path = AnswersTableViewController.swift; sourceTree = "<group>"; };
		51B4ACF41DF00841000618DA /* AnswerTableViewCell.swift */ = {isa = PBXFileReference; fileEncoding = 4; lastKnownFileType = sourcecode.swift; path = AnswerTableViewCell.swift; sourceTree = "<group>"; };
		71557FD92FA582FF13416811 /* Pods_StackExchangeUITests.framework */ = {isa = PBXFileReference; explicitFileType = wrapper.framework; includeInIndex = 0; path = Pods_StackExchangeUITests.framework; sourceTree = BUILT_PRODUCTS_DIR; };
		7A0A15A7CD0EF816B34B7613 /* Pods-StackExchange.debug.xcconfig */ = {isa = PBXFileReference; includeInIndex = 1; lastKnownFileType = text.xcconfig; name = "Pods-StackExchange.debug.xcconfig"; path = "Pods/Target Support Files/Pods-StackExchange/Pods-StackExchange.debug.xcconfig"; sourceTree = "<group>"; };
		B401780CD6095F45F7ED9FF1 /* Pods-StackExchangeTests.release.xcconfig */ = {isa = PBXFileReference; includeInIndex = 1; lastKnownFileType = text.xcconfig; name = "Pods-StackExchangeTests.release.xcconfig"; path = "Pods/Target Support Files/Pods-StackExchangeTests/Pods-StackExchangeTests.release.xcconfig"; sourceTree = "<group>"; };
		B4D9131931AAB30A0C2B1909 /* Pods-StackExchange.release.xcconfig */ = {isa = PBXFileReference; includeInIndex = 1; lastKnownFileType = text.xcconfig; name = "Pods-StackExchange.release.xcconfig"; path = "Pods/Target Support Files/Pods-StackExchange/Pods-StackExchange.release.xcconfig"; sourceTree = "<group>"; };
		B58B472DF02D267449977F00 /* Pods-StackExchangeTests.debug.xcconfig */ = {isa = PBXFileReference; includeInIndex = 1; lastKnownFileType = text.xcconfig; name = "Pods-StackExchangeTests.debug.xcconfig"; path = "Pods/Target Support Files/Pods-StackExchangeTests/Pods-StackExchangeTests.debug.xcconfig"; sourceTree = "<group>"; };
		D04F38CF2FA0A42CCBC6446E /* Pods_StackExchange.framework */ = {isa = PBXFileReference; explicitFileType = wrapper.framework; includeInIndex = 0; path = Pods_StackExchange.framework; sourceTree = BUILT_PRODUCTS_DIR; };
/* End PBXFileReference section */

/* Begin PBXFrameworksBuildPhase section */
		5116899F1DEF7CB500829A6B /* Frameworks */ = {
			isa = PBXFrameworksBuildPhase;
			buildActionMask = 2147483647;
			files = (
				5D48E8B2AAEC2BBB705D27D7 /* Pods_StackExchange.framework in Frameworks */,
			);
			runOnlyForDeploymentPostprocessing = 0;
		};
		511689B61DEF7CB500829A6B /* Frameworks */ = {
			isa = PBXFrameworksBuildPhase;
			buildActionMask = 2147483647;
			files = (
				A28B8C94878F845EA83018B9 /* Pods_StackExchangeTests.framework in Frameworks */,
			);
			runOnlyForDeploymentPostprocessing = 0;
		};
		511689C11DEF7CB500829A6B /* Frameworks */ = {
			isa = PBXFrameworksBuildPhase;
			buildActionMask = 2147483647;
			files = (
				FB27CDB68E758E16F3A63107 /* Pods_StackExchangeUITests.framework in Frameworks */,
			);
			runOnlyForDeploymentPostprocessing = 0;
		};
/* End PBXFrameworksBuildPhase section */

/* Begin PBXGroup section */
		511689991DEF7CB500829A6B = {
			isa = PBXGroup;
			children = (
				511689A41DEF7CB500829A6B /* StackExchange */,
				511689BC1DEF7CB500829A6B /* StackExchangeTests */,
				511689C71DEF7CB500829A6B /* StackExchangeUITests */,
				511689A31DEF7CB500829A6B /* Products */,
				BE141D8027A99FB127B9002F /* Pods */,
				C96975675CF77F878B87C9EC /* Frameworks */,
			);
			sourceTree = "<group>";
		};
		511689A31DEF7CB500829A6B /* Products */ = {
			isa = PBXGroup;
			children = (
				511689A21DEF7CB500829A6B /* StackExchange.app */,
				511689B91DEF7CB500829A6B /* StackExchangeTests.xctest */,
				511689C41DEF7CB500829A6B /* StackExchangeUITests.xctest */,
			);
			name = Products;
			sourceTree = "<group>";
		};
		511689A41DEF7CB500829A6B /* StackExchange */ = {
			isa = PBXGroup;
			children = (
				511689D61DEF7D9200829A6B /* Core */,
				511689DB1DEF7D9200829A6B /* UI */,
				511689B41DEF7CB500829A6B /* Info.plist */,
			);
			path = StackExchange;
			sourceTree = "<group>";
		};
		511689BC1DEF7CB500829A6B /* StackExchangeTests */ = {
			isa = PBXGroup;
			children = (
				511689EA1DEF7F7100829A6B /* JSON */,
				511689BD1DEF7CB500829A6B /* StackExchangeTests.swift */,
				511689BF1DEF7CB500829A6B /* Info.plist */,
				511689F11DEF884300829A6B /* SEDataTests.swift */,
				516E79251DEF964600CB2FC5 /* TestsHelper.swift */,
				516E792A1DEFADD200CB2FC5 /* SEAnswerTests.swift */,
				516E79301DEFC11500CB2FC5 /* SEQuestionTests.swift */,
			);
			path = StackExchangeTests;
			sourceTree = "<group>";
		};
		511689C71DEF7CB500829A6B /* StackExchangeUITests */ = {
			isa = PBXGroup;
			children = (
				511689C81DEF7CB500829A6B /* StackExchangeUITests.swift */,
				511689CA1DEF7CB500829A6B /* Info.plist */,
			);
			path = StackExchangeUITests;
			sourceTree = "<group>";
		};
		511689D61DEF7D9200829A6B /* Core */ = {
			isa = PBXGroup;
			children = (
				511689D81DEF7D9200829A6B /* CoreData */,
				516E79271DEF9AC200CB2FC5 /* Models */,
				511689D71DEF7D9200829A6B /* AppDelegate.swift */,
				516E79321DEFCBDB00CB2FC5 /* ApiService.swift */,
				516E79341DEFD54D00CB2FC5 /* Presenter.swift */,
			);
			path = Core;
			sourceTree = "<group>";
		};
		511689D81DEF7D9200829A6B /* CoreData */ = {
			isa = PBXGroup;
			children = (
				511689D91DEF7D9200829A6B /* StackExchange.xcdatamodeld */,
				511689E81DEF7E2200829A6B /* DataController.swift */,
				511689F31DEF88AC00829A6B /* SEData.swift */,
			);
			path = CoreData;
			sourceTree = "<group>";
		};
		511689DB1DEF7D9200829A6B /* UI */ = {
			isa = PBXGroup;
			children = (
				511689DC1DEF7D9200829A6B /* Assets.xcassets */,
				511689DD1DEF7D9200829A6B /* LaunchScreen.storyboard */,
				511689DF1DEF7D9200829A6B /* Main.storyboard */,
				511689E11DEF7D9200829A6B /* ViewController.swift */,
				516E79361DEFDED500CB2FC5 /* QuestionTableViewCell.swift */,
				516E79381DEFDEF100CB2FC5 /* QuestionsTableViewController.swift */,
				51B4ACF21DF00808000618DA /* AnswersTableViewController.swift */,
				51B4ACF41DF00841000618DA /* AnswerTableViewCell.swift */,
			);
			path = UI;
			sourceTree = "<group>";
		};
		511689EA1DEF7F7100829A6B /* JSON */ = {
			isa = PBXGroup;
			children = (
				511689EB1DEF7FB500829A6B /* questions.json */,
				511689ED1DEF804900829A6B /* answers.json */,
			);
			path = JSON;
			sourceTree = "<group>";
		};
		516E79271DEF9AC200CB2FC5 /* Models */ = {
			isa = PBXGroup;
			children = (
				516E79281DEF9B1C00CB2FC5 /* SEAnswer.swift */,
				516E792C1DEFB48600CB2FC5 /* SEOwner.swift */,
				516E792E1DEFBDA800CB2FC5 /* SEQuestion.swift */,
			);
			path = Models;
			sourceTree = "<group>";
		};
		BE141D8027A99FB127B9002F /* Pods */ = {
			isa = PBXGroup;
			children = (
				7A0A15A7CD0EF816B34B7613 /* Pods-StackExchange.debug.xcconfig */,
				B4D9131931AAB30A0C2B1909 /* Pods-StackExchange.release.xcconfig */,
				B58B472DF02D267449977F00 /* Pods-StackExchangeTests.debug.xcconfig */,
				B401780CD6095F45F7ED9FF1 /* Pods-StackExchangeTests.release.xcconfig */,
				003D6658C87B5488A7E9981D /* Pods-StackExchangeUITests.debug.xcconfig */,
				28EDBFC5249EEB30D3E0C16C /* Pods-StackExchangeUITests.release.xcconfig */,
			);
			name = Pods;
			sourceTree = "<group>";
		};
		C96975675CF77F878B87C9EC /* Frameworks */ = {
			isa = PBXGroup;
			children = (
				D04F38CF2FA0A42CCBC6446E /* Pods_StackExchange.framework */,
				142EB65777330BCE8DA86963 /* Pods_StackExchangeTests.framework */,
				71557FD92FA582FF13416811 /* Pods_StackExchangeUITests.framework */,
			);
			name = Frameworks;
			sourceTree = "<group>";
		};
/* End PBXGroup section */

/* Begin PBXNativeTarget section */
		511689A11DEF7CB500829A6B /* StackExchange */ = {
			isa = PBXNativeTarget;
			buildConfigurationList = 511689CD1DEF7CB500829A6B /* Build configuration list for PBXNativeTarget "StackExchange" */;
			buildPhases = (
				C833BF3A91014199DD1258E3 /* [CP] Check Pods Manifest.lock */,
				5116899E1DEF7CB500829A6B /* Sources */,
				5116899F1DEF7CB500829A6B /* Frameworks */,
				511689A01DEF7CB500829A6B /* Resources */,
				44FDF81956B64EF172FB31A0 /* [CP] Embed Pods Frameworks */,
				D91FDA672B2608ACC5772AD2 /* [CP] Copy Pods Resources */,
			);
			buildRules = (
			);
			dependencies = (
			);
			name = StackExchange;
			productName = StackExchange;
			productReference = 511689A21DEF7CB500829A6B /* StackExchange.app */;
			productType = "com.apple.product-type.application";
		};
		511689B81DEF7CB500829A6B /* StackExchangeTests */ = {
			isa = PBXNativeTarget;
			buildConfigurationList = 511689D01DEF7CB500829A6B /* Build configuration list for PBXNativeTarget "StackExchangeTests" */;
			buildPhases = (
				992F665D53AAA3E7A05BD434 /* [CP] Check Pods Manifest.lock */,
				511689B51DEF7CB500829A6B /* Sources */,
				511689B61DEF7CB500829A6B /* Frameworks */,
				511689B71DEF7CB500829A6B /* Resources */,
				3E56EBBD6C65BA6AF246440B /* [CP] Embed Pods Frameworks */,
				AB9431006558A37261614EE3 /* [CP] Copy Pods Resources */,
			);
			buildRules = (
			);
			dependencies = (
				511689BB1DEF7CB500829A6B /* PBXTargetDependency */,
			);
			name = StackExchangeTests;
			productName = StackExchangeTests;
			productReference = 511689B91DEF7CB500829A6B /* StackExchangeTests.xctest */;
			productType = "com.apple.product-type.bundle.unit-test";
		};
		511689C31DEF7CB500829A6B /* StackExchangeUITests */ = {
			isa = PBXNativeTarget;
			buildConfigurationList = 511689D31DEF7CB500829A6B /* Build configuration list for PBXNativeTarget "StackExchangeUITests" */;
			buildPhases = (
				AD448FAB89C4D1E3760E191E /* [CP] Check Pods Manifest.lock */,
				511689C01DEF7CB500829A6B /* Sources */,
				511689C11DEF7CB500829A6B /* Frameworks */,
				511689C21DEF7CB500829A6B /* Resources */,
				19B394D29A0AAE53842F6D23 /* [CP] Embed Pods Frameworks */,
				C7A58A6C329675658AE00C1C /* [CP] Copy Pods Resources */,
			);
			buildRules = (
			);
			dependencies = (
				511689C61DEF7CB500829A6B /* PBXTargetDependency */,
			);
			name = StackExchangeUITests;
			productName = StackExchangeUITests;
			productReference = 511689C41DEF7CB500829A6B /* StackExchangeUITests.xctest */;
			productType = "com.apple.product-type.bundle.ui-testing";
		};
/* End PBXNativeTarget section */

/* Begin PBXProject section */
		5116899A1DEF7CB500829A6B /* Project object */ = {
			isa = PBXProject;
			attributes = {
				LastSwiftUpdateCheck = 0810;
				LastUpgradeCheck = 0810;
				ORGANIZATIONNAME = "Alexandre Malkov";
				TargetAttributes = {
					511689A11DEF7CB500829A6B = {
						CreatedOnToolsVersion = 8.1;
						DevelopmentTeam = C2UFGA4H52;
						ProvisioningStyle = Automatic;
					};
					511689B81DEF7CB500829A6B = {
						CreatedOnToolsVersion = 8.1;
						DevelopmentTeam = C2UFGA4H52;
						ProvisioningStyle = Automatic;
						TestTargetID = 511689A11DEF7CB500829A6B;
					};
					511689C31DEF7CB500829A6B = {
						CreatedOnToolsVersion = 8.1;
						DevelopmentTeam = C2UFGA4H52;
						ProvisioningStyle = Automatic;
						TestTargetID = 511689A11DEF7CB500829A6B;
					};
				};
			};
			buildConfigurationList = 5116899D1DEF7CB500829A6B /* Build configuration list for PBXProject "StackExchange" */;
			compatibilityVersion = "Xcode 3.2";
			developmentRegion = English;
			hasScannedForEncodings = 0;
			knownRegions = (
				en,
				Base,
			);
			mainGroup = 511689991DEF7CB500829A6B;
			productRefGroup = 511689A31DEF7CB500829A6B /* Products */;
			projectDirPath = "";
			projectRoot = "";
			targets = (
				511689A11DEF7CB500829A6B /* StackExchange */,
				511689B81DEF7CB500829A6B /* StackExchangeTests */,
				511689C31DEF7CB500829A6B /* StackExchangeUITests */,
			);
		};
/* End PBXProject section */

/* Begin PBXResourcesBuildPhase section */
		511689A01DEF7CB500829A6B /* Resources */ = {
			isa = PBXResourcesBuildPhase;
			buildActionMask = 2147483647;
			files = (
				511689F01DEF805F00829A6B /* questions.json in Resources */,
				511689E61DEF7D9200829A6B /* Main.storyboard in Resources */,
				511689E41DEF7D9200829A6B /* Assets.xcassets in Resources */,
				511689E51DEF7D9200829A6B /* LaunchScreen.storyboard in Resources */,
				511689EF1DEF805D00829A6B /* answers.json in Resources */,
			);
			runOnlyForDeploymentPostprocessing = 0;
		};
		511689B71DEF7CB500829A6B /* Resources */ = {
			isa = PBXResourcesBuildPhase;
			buildActionMask = 2147483647;
			files = (
				511689EC1DEF7FB500829A6B /* questions.json in Resources */,
				511689EE1DEF804900829A6B /* answers.json in Resources */,
			);
			runOnlyForDeploymentPostprocessing = 0;
		};
		511689C21DEF7CB500829A6B /* Resources */ = {
			isa = PBXResourcesBuildPhase;
			buildActionMask = 2147483647;
			files = (
			);
			runOnlyForDeploymentPostprocessing = 0;
		};
/* End PBXResourcesBuildPhase section */

/* Begin PBXShellScriptBuildPhase section */
		19B394D29A0AAE53842F6D23 /* [CP] Embed Pods Frameworks */ = {
			isa = PBXShellScriptBuildPhase;
			buildActionMask = 2147483647;
			files = (
			);
			inputPaths = (
			);
			name = "[CP] Embed Pods Frameworks";
			outputPaths = (
			);
			runOnlyForDeploymentPostprocessing = 0;
			shellPath = /bin/sh;
			shellScript = "\"${SRCROOT}/Pods/Target Support Files/Pods-StackExchangeUITests/Pods-StackExchangeUITests-frameworks.sh\"\n";
			showEnvVarsInLog = 0;
		};
		3E56EBBD6C65BA6AF246440B /* [CP] Embed Pods Frameworks */ = {
			isa = PBXShellScriptBuildPhase;
			buildActionMask = 2147483647;
			files = (
			);
			inputPaths = (
			);
			name = "[CP] Embed Pods Frameworks";
			outputPaths = (
			);
			runOnlyForDeploymentPostprocessing = 0;
			shellPath = /bin/sh;
			shellScript = "\"${SRCROOT}/Pods/Target Support Files/Pods-StackExchangeTests/Pods-StackExchangeTests-frameworks.sh\"\n";
			showEnvVarsInLog = 0;
		};
		44FDF81956B64EF172FB31A0 /* [CP] Embed Pods Frameworks */ = {
			isa = PBXShellScriptBuildPhase;
			buildActionMask = 2147483647;
			files = (
			);
			inputPaths = (
			);
			name = "[CP] Embed Pods Frameworks";
			outputPaths = (
			);
			runOnlyForDeploymentPostprocessing = 0;
			shellPath = /bin/sh;
			shellScript = "\"${SRCROOT}/Pods/Target Support Files/Pods-StackExchange/Pods-StackExchange-frameworks.sh\"\n";
			showEnvVarsInLog = 0;
		};
		992F665D53AAA3E7A05BD434 /* [CP] Check Pods Manifest.lock */ = {
			isa = PBXShellScriptBuildPhase;
			buildActionMask = 2147483647;
			files = (
			);
			inputPaths = (
			);
			name = "[CP] Check Pods Manifest.lock";
			outputPaths = (
			);
			runOnlyForDeploymentPostprocessing = 0;
			shellPath = /bin/sh;
			shellScript = "diff \"${PODS_ROOT}/../Podfile.lock\" \"${PODS_ROOT}/Manifest.lock\" > /dev/null\nif [ $? != 0 ] ; then\n    # print error to STDERR\n    echo \"error: The sandbox is not in sync with the Podfile.lock. Run 'pod install' or update your CocoaPods installation.\" >&2\n    exit 1\nfi\n";
			showEnvVarsInLog = 0;
		};
		AB9431006558A37261614EE3 /* [CP] Copy Pods Resources */ = {
			isa = PBXShellScriptBuildPhase;
			buildActionMask = 2147483647;
			files = (
			);
			inputPaths = (
			);
			name = "[CP] Copy Pods Resources";
			outputPaths = (
			);
			runOnlyForDeploymentPostprocessing = 0;
			shellPath = /bin/sh;
			shellScript = "\"${SRCROOT}/Pods/Target Support Files/Pods-StackExchangeTests/Pods-StackExchangeTests-resources.sh\"\n";
			showEnvVarsInLog = 0;
		};
		AD448FAB89C4D1E3760E191E /* [CP] Check Pods Manifest.lock */ = {
			isa = PBXShellScriptBuildPhase;
			buildActionMask = 2147483647;
			files = (
			);
			inputPaths = (
			);
			name = "[CP] Check Pods Manifest.lock";
			outputPaths = (
			);
			runOnlyForDeploymentPostprocessing = 0;
			shellPath = /bin/sh;
			shellScript = "diff \"${PODS_ROOT}/../Podfile.lock\" \"${PODS_ROOT}/Manifest.lock\" > /dev/null\nif [ $? != 0 ] ; then\n    # print error to STDERR\n    echo \"error: The sandbox is not in sync with the Podfile.lock. Run 'pod install' or update your CocoaPods installation.\" >&2\n    exit 1\nfi\n";
			showEnvVarsInLog = 0;
		};
		C7A58A6C329675658AE00C1C /* [CP] Copy Pods Resources */ = {
			isa = PBXShellScriptBuildPhase;
			buildActionMask = 2147483647;
			files = (
			);
			inputPaths = (
			);
			name = "[CP] Copy Pods Resources";
			outputPaths = (
			);
			runOnlyForDeploymentPostprocessing = 0;
			shellPath = /bin/sh;
			shellScript = "\"${SRCROOT}/Pods/Target Support Files/Pods-StackExchangeUITests/Pods-StackExchangeUITests-resources.sh\"\n";
			showEnvVarsInLog = 0;
		};
		C833BF3A91014199DD1258E3 /* [CP] Check Pods Manifest.lock */ = {
			isa = PBXShellScriptBuildPhase;
			buildActionMask = 2147483647;
			files = (
			);
			inputPaths = (
			);
			name = "[CP] Check Pods Manifest.lock";
			outputPaths = (
			);
			runOnlyForDeploymentPostprocessing = 0;
			shellPath = /bin/sh;
			shellScript = "diff \"${PODS_ROOT}/../Podfile.lock\" \"${PODS_ROOT}/Manifest.lock\" > /dev/null\nif [ $? != 0 ] ; then\n    # print error to STDERR\n    echo \"error: The sandbox is not in sync with the Podfile.lock. Run 'pod install' or update your CocoaPods installation.\" >&2\n    exit 1\nfi\n";
			showEnvVarsInLog = 0;
		};
		D91FDA672B2608ACC5772AD2 /* [CP] Copy Pods Resources */ = {
			isa = PBXShellScriptBuildPhase;
			buildActionMask = 2147483647;
			files = (
			);
			inputPaths = (
			);
			name = "[CP] Copy Pods Resources";
			outputPaths = (
			);
			runOnlyForDeploymentPostprocessing = 0;
			shellPath = /bin/sh;
			shellScript = "\"${SRCROOT}/Pods/Target Support Files/Pods-StackExchange/Pods-StackExchange-resources.sh\"\n";
			showEnvVarsInLog = 0;
		};
/* End PBXShellScriptBuildPhase section */

/* Begin PBXSourcesBuildPhase section */
		5116899E1DEF7CB500829A6B /* Sources */ = {
			isa = PBXSourcesBuildPhase;
			buildActionMask = 2147483647;
			files = (
				51B4ACF31DF00808000618DA /* AnswersTableViewController.swift in Sources */,
				51B4ACF51DF00841000618DA /* AnswerTableViewCell.swift in Sources */,
				516E79371DEFDED500CB2FC5 /* QuestionTableViewCell.swift in Sources */,
				511689E71DEF7D9200829A6B /* ViewController.swift in Sources */,
				516E792D1DEFB48600CB2FC5 /* SEOwner.swift in Sources */,
				511689F41DEF88AC00829A6B /* SEData.swift in Sources */,
				516E792F1DEFBDA800CB2FC5 /* SEQuestion.swift in Sources */,
				516E79351DEFD54D00CB2FC5 /* Presenter.swift in Sources */,
				511689E91DEF7E2200829A6B /* DataController.swift in Sources */,
				516E79391DEFDEF100CB2FC5 /* QuestionsTableViewController.swift in Sources */,
				516E79331DEFCBDB00CB2FC5 /* ApiService.swift in Sources */,
				516E79291DEF9B1C00CB2FC5 /* SEAnswer.swift in Sources */,
				511689E21DEF7D9200829A6B /* AppDelegate.swift in Sources */,
				511689E31DEF7D9200829A6B /* StackExchange.xcdatamodeld in Sources */,
			);
			runOnlyForDeploymentPostprocessing = 0;
		};
		511689B51DEF7CB500829A6B /* Sources */ = {
			isa = PBXSourcesBuildPhase;
			buildActionMask = 2147483647;
			files = (
				516E79261DEF964600CB2FC5 /* TestsHelper.swift in Sources */,
				516E792B1DEFADD200CB2FC5 /* SEAnswerTests.swift in Sources */,
				511689F21DEF884300829A6B /* SEDataTests.swift in Sources */,
				511689BE1DEF7CB500829A6B /* StackExchangeTests.swift in Sources */,
				516E79311DEFC11500CB2FC5 /* SEQuestionTests.swift in Sources */,
			);
			runOnlyForDeploymentPostprocessing = 0;
		};
		511689C01DEF7CB500829A6B /* Sources */ = {
			isa = PBXSourcesBuildPhase;
			buildActionMask = 2147483647;
			files = (
				511689C91DEF7CB500829A6B /* StackExchangeUITests.swift in Sources */,
			);
			runOnlyForDeploymentPostprocessing = 0;
		};
/* End PBXSourcesBuildPhase section */

/* Begin PBXTargetDependency section */
		511689BB1DEF7CB500829A6B /* PBXTargetDependency */ = {
			isa = PBXTargetDependency;
			target = 511689A11DEF7CB500829A6B /* StackExchange */;
			targetProxy = 511689BA1DEF7CB500829A6B /* PBXContainerItemProxy */;
		};
		511689C61DEF7CB500829A6B /* PBXTargetDependency */ = {
			isa = PBXTargetDependency;
			target = 511689A11DEF7CB500829A6B /* StackExchange */;
			targetProxy = 511689C51DEF7CB500829A6B /* PBXContainerItemProxy */;
		};
/* End PBXTargetDependency section */

/* Begin PBXVariantGroup section */
		511689DD1DEF7D9200829A6B /* LaunchScreen.storyboard */ = {
			isa = PBXVariantGroup;
			children = (
				511689DE1DEF7D9200829A6B /* Base */,
			);
			name = LaunchScreen.storyboard;
			sourceTree = "<group>";
		};
		511689DF1DEF7D9200829A6B /* Main.storyboard */ = {
			isa = PBXVariantGroup;
			children = (
				511689E01DEF7D9200829A6B /* Base */,
			);
			name = Main.storyboard;
			sourceTree = "<group>";
		};
/* End PBXVariantGroup section */

/* Begin XCBuildConfiguration section */
		511689CB1DEF7CB500829A6B /* Debug */ = {
			isa = XCBuildConfiguration;
			buildSettings = {
				ALWAYS_SEARCH_USER_PATHS = NO;
				CLANG_ANALYZER_NONNULL = YES;
				CLANG_CXX_LANGUAGE_STANDARD = "gnu++0x";
				CLANG_CXX_LIBRARY = "libc++";
				CLANG_ENABLE_MODULES = YES;
				CLANG_ENABLE_OBJC_ARC = YES;
				CLANG_WARN_BOOL_CONVERSION = YES;
				CLANG_WARN_CONSTANT_CONVERSION = YES;
				CLANG_WARN_DIRECT_OBJC_ISA_USAGE = YES_ERROR;
				CLANG_WARN_DOCUMENTATION_COMMENTS = YES;
				CLANG_WARN_EMPTY_BODY = YES;
				CLANG_WARN_ENUM_CONVERSION = YES;
				CLANG_WARN_INFINITE_RECURSION = YES;
				CLANG_WARN_INT_CONVERSION = YES;
				CLANG_WARN_OBJC_ROOT_CLASS = YES_ERROR;
				CLANG_WARN_SUSPICIOUS_MOVES = YES;
				CLANG_WARN_UNREACHABLE_CODE = YES;
				CLANG_WARN__DUPLICATE_METHOD_MATCH = YES;
				"CODE_SIGN_IDENTITY[sdk=iphoneos*]" = "iPhone Developer";
				COPY_PHASE_STRIP = NO;
				DEBUG_INFORMATION_FORMAT = dwarf;
				ENABLE_STRICT_OBJC_MSGSEND = YES;
				ENABLE_TESTABILITY = YES;
				GCC_C_LANGUAGE_STANDARD = gnu99;
				GCC_DYNAMIC_NO_PIC = NO;
				GCC_NO_COMMON_BLOCKS = YES;
				GCC_OPTIMIZATION_LEVEL = 0;
				GCC_PREPROCESSOR_DEFINITIONS = (
					"DEBUG=1",
					"$(inherited)",
				);
				GCC_WARN_64_TO_32_BIT_CONVERSION = YES;
				GCC_WARN_ABOUT_RETURN_TYPE = YES_ERROR;
				GCC_WARN_UNDECLARED_SELECTOR = YES;
				GCC_WARN_UNINITIALIZED_AUTOS = YES_AGGRESSIVE;
				GCC_WARN_UNUSED_FUNCTION = YES;
				GCC_WARN_UNUSED_VARIABLE = YES;
				IPHONEOS_DEPLOYMENT_TARGET = 10.1;
				MTL_ENABLE_DEBUG_INFO = YES;
				ONLY_ACTIVE_ARCH = YES;
				SDKROOT = iphoneos;
				SWIFT_ACTIVE_COMPILATION_CONDITIONS = DEBUG;
				SWIFT_OPTIMIZATION_LEVEL = "-Onone";
				TARGETED_DEVICE_FAMILY = "1,2";
			};
			name = Debug;
		};
		511689CC1DEF7CB500829A6B /* Release */ = {
			isa = XCBuildConfiguration;
			buildSettings = {
				ALWAYS_SEARCH_USER_PATHS = NO;
				CLANG_ANALYZER_NONNULL = YES;
				CLANG_CXX_LANGUAGE_STANDARD = "gnu++0x";
				CLANG_CXX_LIBRARY = "libc++";
				CLANG_ENABLE_MODULES = YES;
				CLANG_ENABLE_OBJC_ARC = YES;
				CLANG_WARN_BOOL_CONVERSION = YES;
				CLANG_WARN_CONSTANT_CONVERSION = YES;
				CLANG_WARN_DIRECT_OBJC_ISA_USAGE = YES_ERROR;
				CLANG_WARN_DOCUMENTATION_COMMENTS = YES;
				CLANG_WARN_EMPTY_BODY = YES;
				CLANG_WARN_ENUM_CONVERSION = YES;
				CLANG_WARN_INFINITE_RECURSION = YES;
				CLANG_WARN_INT_CONVERSION = YES;
				CLANG_WARN_OBJC_ROOT_CLASS = YES_ERROR;
				CLANG_WARN_SUSPICIOUS_MOVES = YES;
				CLANG_WARN_UNREACHABLE_CODE = YES;
				CLANG_WARN__DUPLICATE_METHOD_MATCH = YES;
				"CODE_SIGN_IDENTITY[sdk=iphoneos*]" = "iPhone Developer";
				COPY_PHASE_STRIP = NO;
				DEBUG_INFORMATION_FORMAT = "dwarf-with-dsym";
				ENABLE_NS_ASSERTIONS = NO;
				ENABLE_STRICT_OBJC_MSGSEND = YES;
				GCC_C_LANGUAGE_STANDARD = gnu99;
				GCC_NO_COMMON_BLOCKS = YES;
				GCC_WARN_64_TO_32_BIT_CONVERSION = YES;
				GCC_WARN_ABOUT_RETURN_TYPE = YES_ERROR;
				GCC_WARN_UNDECLARED_SELECTOR = YES;
				GCC_WARN_UNINITIALIZED_AUTOS = YES_AGGRESSIVE;
				GCC_WARN_UNUSED_FUNCTION = YES;
				GCC_WARN_UNUSED_VARIABLE = YES;
				IPHONEOS_DEPLOYMENT_TARGET = 10.1;
				MTL_ENABLE_DEBUG_INFO = NO;
				SDKROOT = iphoneos;
				SWIFT_OPTIMIZATION_LEVEL = "-Owholemodule";
				TARGETED_DEVICE_FAMILY = "1,2";
				VALIDATE_PRODUCT = YES;
			};
			name = Release;
		};
		511689CE1DEF7CB500829A6B /* Debug */ = {
			isa = XCBuildConfiguration;
			baseConfigurationReference = 7A0A15A7CD0EF816B34B7613 /* Pods-StackExchange.debug.xcconfig */;
			buildSettings = {
				ASSETCATALOG_COMPILER_APPICON_NAME = AppIcon;
				DEVELOPMENT_TEAM = C2UFGA4H52;
				INFOPLIST_FILE = StackExchange/Info.plist;
				LD_RUNPATH_SEARCH_PATHS = "$(inherited) @executable_path/Frameworks";
				PRODUCT_BUNDLE_IDENTIFIER = com.gmail.sm1030.StackExchange;
				PRODUCT_NAME = "$(TARGET_NAME)";
				SWIFT_VERSION = 3.0;
			};
			name = Debug;
		};
		511689CF1DEF7CB500829A6B /* Release */ = {
			isa = XCBuildConfiguration;
			baseConfigurationReference = B4D9131931AAB30A0C2B1909 /* Pods-StackExchange.release.xcconfig */;
			buildSettings = {
				ASSETCATALOG_COMPILER_APPICON_NAME = AppIcon;
				DEVELOPMENT_TEAM = C2UFGA4H52;
				INFOPLIST_FILE = StackExchange/Info.plist;
				LD_RUNPATH_SEARCH_PATHS = "$(inherited) @executable_path/Frameworks";
				PRODUCT_BUNDLE_IDENTIFIER = com.gmail.sm1030.StackExchange;
				PRODUCT_NAME = "$(TARGET_NAME)";
				SWIFT_VERSION = 3.0;
			};
			name = Release;
		};
		511689D11DEF7CB500829A6B /* Debug */ = {
			isa = XCBuildConfiguration;
			baseConfigurationReference = B58B472DF02D267449977F00 /* Pods-StackExchangeTests.debug.xcconfig */;
			buildSettings = {
				ALWAYS_EMBED_SWIFT_STANDARD_LIBRARIES = YES;
				BUNDLE_LOADER = "$(TEST_HOST)";
				DEVELOPMENT_TEAM = C2UFGA4H52;
				INFOPLIST_FILE = StackExchangeTests/Info.plist;
				LD_RUNPATH_SEARCH_PATHS = "$(inherited) @executable_path/Frameworks @loader_path/Frameworks";
				PRODUCT_BUNDLE_IDENTIFIER = com.gmail.sm1030.StackExchangeTests;
				PRODUCT_NAME = "$(TARGET_NAME)";
				SWIFT_VERSION = 3.0;
				TEST_HOST = "$(BUILT_PRODUCTS_DIR)/StackExchange.app/StackExchange";
			};
			name = Debug;
		};
		511689D21DEF7CB500829A6B /* Release */ = {
			isa = XCBuildConfiguration;
			baseConfigurationReference = B401780CD6095F45F7ED9FF1 /* Pods-StackExchangeTests.release.xcconfig */;
			buildSettings = {
				ALWAYS_EMBED_SWIFT_STANDARD_LIBRARIES = YES;
				BUNDLE_LOADER = "$(TEST_HOST)";
				DEVELOPMENT_TEAM = C2UFGA4H52;
				INFOPLIST_FILE = StackExchangeTests/Info.plist;
				LD_RUNPATH_SEARCH_PATHS = "$(inherited) @executable_path/Frameworks @loader_path/Frameworks";
				PRODUCT_BUNDLE_IDENTIFIER = com.gmail.sm1030.StackExchangeTests;
				PRODUCT_NAME = "$(TARGET_NAME)";
				SWIFT_VERSION = 3.0;
				TEST_HOST = "$(BUILT_PRODUCTS_DIR)/StackExchange.app/StackExchange";
			};
			name = Release;
		};
		511689D41DEF7CB500829A6B /* Debug */ = {
			isa = XCBuildConfiguration;
			baseConfigurationReference = 003D6658C87B5488A7E9981D /* Pods-StackExchangeUITests.debug.xcconfig */;
			buildSettings = {
				ALWAYS_EMBED_SWIFT_STANDARD_LIBRARIES = YES;
				DEVELOPMENT_TEAM = C2UFGA4H52;
				INFOPLIST_FILE = StackExchangeUITests/Info.plist;
				LD_RUNPATH_SEARCH_PATHS = "$(inherited) @executable_path/Frameworks @loader_path/Frameworks";
				PRODUCT_BUNDLE_IDENTIFIER = com.gmail.sm1030.StackExchangeUITests;
				PRODUCT_NAME = "$(TARGET_NAME)";
				SWIFT_VERSION = 3.0;
				TEST_TARGET_NAME = StackExchange;
			};
			name = Debug;
		};
		511689D51DEF7CB500829A6B /* Release */ = {
			isa = XCBuildConfiguration;
			baseConfigurationReference = 28EDBFC5249EEB30D3E0C16C /* Pods-StackExchangeUITests.release.xcconfig */;
			buildSettings = {
				ALWAYS_EMBED_SWIFT_STANDARD_LIBRARIES = YES;
				DEVELOPMENT_TEAM = C2UFGA4H52;
				INFOPLIST_FILE = StackExchangeUITests/Info.plist;
				LD_RUNPATH_SEARCH_PATHS = "$(inherited) @executable_path/Frameworks @loader_path/Frameworks";
				PRODUCT_BUNDLE_IDENTIFIER = com.gmail.sm1030.StackExchangeUITests;
				PRODUCT_NAME = "$(TARGET_NAME)";
				SWIFT_VERSION = 3.0;
				TEST_TARGET_NAME = StackExchange;
			};
			name = Release;
		};
/* End XCBuildConfiguration section */

/* Begin XCConfigurationList section */
		5116899D1DEF7CB500829A6B /* Build configuration list for PBXProject "StackExchange" */ = {
			isa = XCConfigurationList;
			buildConfigurations = (
				511689CB1DEF7CB500829A6B /* Debug */,
				511689CC1DEF7CB500829A6B /* Release */,
			);
			defaultConfigurationIsVisible = 0;
			defaultConfigurationName = Release;
		};
		511689CD1DEF7CB500829A6B /* Build configuration list for PBXNativeTarget "StackExchange" */ = {
			isa = XCConfigurationList;
			buildConfigurations = (
				511689CE1DEF7CB500829A6B /* Debug */,
				511689CF1DEF7CB500829A6B /* Release */,
			);
			defaultConfigurationIsVisible = 0;
			defaultConfigurationName = Release;
		};
		511689D01DEF7CB500829A6B /* Build configuration list for PBXNativeTarget "StackExchangeTests" */ = {
			isa = XCConfigurationList;
			buildConfigurations = (
				511689D11DEF7CB500829A6B /* Debug */,
				511689D21DEF7CB500829A6B /* Release */,
			);
			defaultConfigurationIsVisible = 0;
			defaultConfigurationName = Release;
		};
		511689D31DEF7CB500829A6B /* Build configuration list for PBXNativeTarget "StackExchangeUITests" */ = {
			isa = XCConfigurationList;
			buildConfigurations = (
				511689D41DEF7CB500829A6B /* Debug */,
				511689D51DEF7CB500829A6B /* Release */,
			);
			defaultConfigurationIsVisible = 0;
			defaultConfigurationName = Release;
		};
/* End XCConfigurationList section */

/* Begin XCVersionGroup section */
		511689D91DEF7D9200829A6B /* StackExchange.xcdatamodeld */ = {
			isa = XCVersionGroup;
			children = (
				511689DA1DEF7D9200829A6B /* StackExchange.xcdatamodel */,
			);
			currentVersion = 511689DA1DEF7D9200829A6B /* StackExchange.xcdatamodel */;
			path = StackExchange.xcdatamodeld;
			sourceTree = "<group>";
			versionGroupType = wrapper.xcdatamodel;
		};
/* End XCVersionGroup section */
	};
	rootObject = 5116899A1DEF7CB500829A6B /* Project object */;
}
